
Microsoft Visual Studio Solution File, Format Version 12.00
# Visual Studio Version 17
VisualStudioVersion = 17.14.36518.9 d17.14
MinimumVisualStudioVersion = 10.0.40219.1
Project("{FAE04EC0-301F-11D3-BF4B-00C04F79EFBC}") = "Chat.Shared", "Chat.Shared\Chat.Shared.csproj", "{62BC4BC6-44AA-4C9E-92A5-2C93E8A7285D}"
EndProject
Project("{FAE04EC0-301F-11D3-BF4B-00C04F79EFBC}") = "Chat.Server", "Chat.Server\Chat.Server.csproj", "{83540C72-7F94-4D81-A91C-59D6734EC1DF}"
EndProject
Project("{FAE04EC0-301F-11D3-BF4B-00C04F79EFBC}") = "Chat.Client", "Chat.Client\Chat.Client.csproj", "{82D74508-6003-4DBA-B1EC-2755EE0813FA}"
EndProject
Global
	GlobalSection(SolutionConfigurationPlatforms) = preSolution
		Debug|Any CPU = Debug|Any CPU
		Release|Any CPU = Release|Any CPU
	EndGlobalSection
	GlobalSection(ProjectConfigurationPlatforms) = postSolution
		{62BC4BC6-44AA-4C9E-92A5-2C93E8A7285D}.Debug|Any CPU.ActiveCfg = Debug|Any CPU
		{62BC4BC6-44AA-4C9E-92A5-2C93E8A7285D}.Debug|Any CPU.Build.0 = Debug|Any CPU
		{62BC4BC6-44AA-4C9E-92A5-2C93E8A7285D}.Release|Any CPU.ActiveCfg = Release|Any CPU
		{62BC4BC6-44AA-4C9E-92A5-2C93E8A7285D}.Release|Any CPU.Build.0 = Release|Any CPU
		{83540C72-7F94-4D81-A91C-59D6734EC1DF}.Debug|Any CPU.ActiveCfg = Debug|Any CPU
		{83540C72-7F94-4D81-A91C-59D6734EC1DF}.Debug|Any CPU.Build.0 = Debug|Any CPU
		{83540C72-7F94-4D81-A91C-59D6734EC1DF}.Release|Any CPU.ActiveCfg = Release|Any CPU
		{83540C72-7F94-4D81-A91C-59D6734EC1DF}.Release|Any CPU.Build.0 = Release|Any CPU
		{82D74508-6003-4DBA-B1EC-2755EE0813FA}.Debug|Any CPU.ActiveCfg = Debug|Any CPU
		{82D74508-6003-4DBA-B1EC-2755EE0813FA}.Debug|Any CPU.Build.0 = Debug|Any CPU
		{82D74508-6003-4DBA-B1EC-2755EE0813FA}.Release|Any CPU.ActiveCfg = Release|Any CPU
		{82D74508-6003-4DBA-B1EC-2755EE0813FA}.Release|Any CPU.Build.0 = Release|Any CPU
	EndGlobalSection
	GlobalSection(SolutionProperties) = preSolution
		HideSolutionNode = FALSE
	EndGlobalSection
	GlobalSection(ExtensibilityGlobals) = postSolution
		SolutionGuid = {541604A9-0692-44DD-8F8B-82B76CE447DE}
	EndGlobalSection
EndGlobal
